
Microsoft Visual Studio Solution File, Format Version 12.00
# Visual Studio 15
VisualStudioVersion = 15.0.26403.7
MinimumVisualStudioVersion = 10.0.40219.1
Project("{FAE04EC0-301F-11D3-BF4B-00C04F79EFBC}") = "EthereumSamurai", "EthereumSamurai\EthereumSamurai.csproj", "{ACE6548D-562C-4B81-ACE7-06381313EED7}"
EndProject
Project("{2150E333-8FDC-42A3-9474-1A3956D46DE8}") = "Main", "Main", "{4E2DFB14-8779-4484-B28A-9D9A4415DAE5}"
EndProject
Project("{2150E333-8FDC-42A3-9474-1A3956D46DE8}") = "Test", "Test", "{905505B7-A128-423C-A6CB-9E9FE6FA780E}"
EndProject
Project("{FAE04EC0-301F-11D3-BF4B-00C04F79EFBC}") = "EthereumSamurai.Core", "Main\EthereumSamurai.Core\EthereumSamurai.Core.csproj", "{AC478A2B-9D2E-445A-89F7-4C2820CDC2FF}"
EndProject
Project("{FAE04EC0-301F-11D3-BF4B-00C04F79EFBC}") = "EthereumSamurai.MongoDb", "Main\EthereumSamurai.MongoDb\EthereumSamurai.MongoDb.csproj", "{66E0E281-7640-47FA-AFC5-E9A1CE89AA63}"
EndProject
Project("{FAE04EC0-301F-11D3-BF4B-00C04F79EFBC}") = "EthereumSamurai.Services", "Main\EthereumSamurai.Services\EthereumSamurai.Services.csproj", "{A95EB21E-564D-44A1-B05B-941D082BB1BB}"
EndProject
Project("{FAE04EC0-301F-11D3-BF4B-00C04F79EFBC}") = "EthereumSamurai.Indexer", "EthereumSamurai.Indexer\EthereumSamurai.Indexer.csproj", "{28ED57A6-B049-48B1-AD8E-2FC67326D7B2}"
EndProject
Project("{FAE04EC0-301F-11D3-BF4B-00C04F79EFBC}") = "EthereumSamurai.Models", "Main\EthereumSamurai.Models\EthereumSamurai.Models.csproj", "{AEF035ED-84D6-4557-9476-A3AC67E961BB}"
EndProject
Project("{FAE04EC0-301F-11D3-BF4B-00C04F79EFBC}") = "EthereumSamurai.Common", "EthereumSamurai.Common\EthereumSamurai.Common.csproj", "{2885CA74-213D-42D2-BF1E-C66B793A74F7}"
EndProject
Project("{FAE04EC0-301F-11D3-BF4B-00C04F79EFBC}") = "EthereumSamurai.Test", "Test\EthereumSamurai.Test\EthereumSamurai.Test.csproj", "{AEB03611-A54B-4F2A-823A-ED5412043403}"
EndProject
Global
	GlobalSection(SolutionConfigurationPlatforms) = preSolution
		Debug|Any CPU = Debug|Any CPU
		Release|Any CPU = Release|Any CPU
	EndGlobalSection
	GlobalSection(ProjectConfigurationPlatforms) = postSolution
		{ACE6548D-562C-4B81-ACE7-06381313EED7}.Debug|Any CPU.ActiveCfg = Debug|Any CPU
		{ACE6548D-562C-4B81-ACE7-06381313EED7}.Debug|Any CPU.Build.0 = Debug|Any CPU
		{ACE6548D-562C-4B81-ACE7-06381313EED7}.Release|Any CPU.ActiveCfg = Release|Any CPU
		{ACE6548D-562C-4B81-ACE7-06381313EED7}.Release|Any CPU.Build.0 = Release|Any CPU
		{AC478A2B-9D2E-445A-89F7-4C2820CDC2FF}.Debug|Any CPU.ActiveCfg = Debug|Any CPU
		{AC478A2B-9D2E-445A-89F7-4C2820CDC2FF}.Debug|Any CPU.Build.0 = Debug|Any CPU
		{AC478A2B-9D2E-445A-89F7-4C2820CDC2FF}.Release|Any CPU.ActiveCfg = Release|Any CPU
		{AC478A2B-9D2E-445A-89F7-4C2820CDC2FF}.Release|Any CPU.Build.0 = Release|Any CPU
		{66E0E281-7640-47FA-AFC5-E9A1CE89AA63}.Debug|Any CPU.ActiveCfg = Debug|Any CPU
		{66E0E281-7640-47FA-AFC5-E9A1CE89AA63}.Debug|Any CPU.Build.0 = Debug|Any CPU
		{66E0E281-7640-47FA-AFC5-E9A1CE89AA63}.Release|Any CPU.ActiveCfg = Release|Any CPU
		{66E0E281-7640-47FA-AFC5-E9A1CE89AA63}.Release|Any CPU.Build.0 = Release|Any CPU
		{A95EB21E-564D-44A1-B05B-941D082BB1BB}.Debug|Any CPU.ActiveCfg = Debug|Any CPU
		{A95EB21E-564D-44A1-B05B-941D082BB1BB}.Debug|Any CPU.Build.0 = Debug|Any CPU
		{A95EB21E-564D-44A1-B05B-941D082BB1BB}.Release|Any CPU.ActiveCfg = Release|Any CPU
		{A95EB21E-564D-44A1-B05B-941D082BB1BB}.Release|Any CPU.Build.0 = Release|Any CPU
		{28ED57A6-B049-48B1-AD8E-2FC67326D7B2}.Debug|Any CPU.ActiveCfg = Debug|Any CPU
		{28ED57A6-B049-48B1-AD8E-2FC67326D7B2}.Debug|Any CPU.Build.0 = Debug|Any CPU
		{28ED57A6-B049-48B1-AD8E-2FC67326D7B2}.Release|Any CPU.ActiveCfg = Release|Any CPU
		{28ED57A6-B049-48B1-AD8E-2FC67326D7B2}.Release|Any CPU.Build.0 = Release|Any CPU
		{AEF035ED-84D6-4557-9476-A3AC67E961BB}.Debug|Any CPU.ActiveCfg = Debug|Any CPU
		{AEF035ED-84D6-4557-9476-A3AC67E961BB}.Debug|Any CPU.Build.0 = Debug|Any CPU
		{AEF035ED-84D6-4557-9476-A3AC67E961BB}.Release|Any CPU.ActiveCfg = Release|Any CPU
		{AEF035ED-84D6-4557-9476-A3AC67E961BB}.Release|Any CPU.Build.0 = Release|Any CPU
		{2885CA74-213D-42D2-BF1E-C66B793A74F7}.Debug|Any CPU.ActiveCfg = Debug|Any CPU
		{2885CA74-213D-42D2-BF1E-C66B793A74F7}.Debug|Any CPU.Build.0 = Debug|Any CPU
		{2885CA74-213D-42D2-BF1E-C66B793A74F7}.Release|Any CPU.ActiveCfg = Release|Any CPU
		{2885CA74-213D-42D2-BF1E-C66B793A74F7}.Release|Any CPU.Build.0 = Release|Any CPU
		{AEB03611-A54B-4F2A-823A-ED5412043403}.Debug|Any CPU.ActiveCfg = Debug|Any CPU
		{AEB03611-A54B-4F2A-823A-ED5412043403}.Debug|Any CPU.Build.0 = Debug|Any CPU
		{AEB03611-A54B-4F2A-823A-ED5412043403}.Release|Any CPU.ActiveCfg = Release|Any CPU
		{AEB03611-A54B-4F2A-823A-ED5412043403}.Release|Any CPU.Build.0 = Release|Any CPU
	EndGlobalSection
	GlobalSection(SolutionProperties) = preSolution
		HideSolutionNode = FALSE
	EndGlobalSection
	GlobalSection(NestedProjects) = preSolution
		{AC478A2B-9D2E-445A-89F7-4C2820CDC2FF} = {4E2DFB14-8779-4484-B28A-9D9A4415DAE5}
		{66E0E281-7640-47FA-AFC5-E9A1CE89AA63} = {4E2DFB14-8779-4484-B28A-9D9A4415DAE5}
		{A95EB21E-564D-44A1-B05B-941D082BB1BB} = {4E2DFB14-8779-4484-B28A-9D9A4415DAE5}
		{AEF035ED-84D6-4557-9476-A3AC67E961BB} = {4E2DFB14-8779-4484-B28A-9D9A4415DAE5}
		{AEB03611-A54B-4F2A-823A-ED5412043403} = {905505B7-A128-423C-A6CB-9E9FE6FA780E}
	EndGlobalSection
EndGlobal
